
Microsoft Visual Studio Solution File, Format Version 12.00
# Visual Studio Version 17
VisualStudioVersion = 17.9.34902.65
MinimumVisualStudioVersion = 10.0.40219.1
Project("{9A19103F-16F7-4668-BE54-9A1E7A4F7556}") = "Apigateway", "Apigateway.csproj", "{12EB0E0A-AC1D-4D3D-9A03-0252C0F7758F}"
EndProject
Project("{9A19103F-16F7-4668-BE54-9A1E7A4F7556}") = "FinanceService", "..\FinanceService\FinanceService.csproj", "{63E273AF-BB9A-4F65-8C1A-60E6818550E8}"
EndProject
Project("{9A19103F-16F7-4668-BE54-9A1E7A4F7556}") = "InventoryService", "..\InventoryService\InventoryService.csproj", "{D39AF32B-49A9-4901-A821-628A8BE5F544}"
EndProject
Global
	GlobalSection(SolutionConfigurationPlatforms) = preSolution
		Debug|Any CPU = Debug|Any CPU
		Release|Any CPU = Release|Any CPU
	EndGlobalSection
	GlobalSection(ProjectConfigurationPlatforms) = postSolution
		{12EB0E0A-AC1D-4D3D-9A03-0252C0F7758F}.Debug|Any CPU.ActiveCfg = Debug|Any CPU
		{12EB0E0A-AC1D-4D3D-9A03-0252C0F7758F}.Debug|Any CPU.Build.0 = Debug|Any CPU
		{12EB0E0A-AC1D-4D3D-9A03-0252C0F7758F}.Release|Any CPU.ActiveCfg = Release|Any CPU
		{12EB0E0A-AC1D-4D3D-9A03-0252C0F7758F}.Release|Any CPU.Build.0 = Release|Any CPU
		{63E273AF-BB9A-4F65-8C1A-60E6818550E8}.Debug|Any CPU.ActiveCfg = Debug|Any CPU
		{63E273AF-BB9A-4F65-8C1A-60E6818550E8}.Debug|Any CPU.Build.0 = Debug|Any CPU
		{63E273AF-BB9A-4F65-8C1A-60E6818550E8}.Release|Any CPU.ActiveCfg = Release|Any CPU
		{63E273AF-BB9A-4F65-8C1A-60E6818550E8}.Release|Any CPU.Build.0 = Release|Any CPU
		{D39AF32B-49A9-4901-A821-628A8BE5F544}.Debug|Any CPU.ActiveCfg = Debug|Any CPU
		{D39AF32B-49A9-4901-A821-628A8BE5F544}.Debug|Any CPU.Build.0 = Debug|Any CPU
		{D39AF32B-49A9-4901-A821-628A8BE5F544}.Release|Any CPU.ActiveCfg = Release|Any CPU
		{D39AF32B-49A9-4901-A821-628A8BE5F544}.Release|Any CPU.Build.0 = Release|Any CPU
	EndGlobalSection
	GlobalSection(SolutionProperties) = preSolution
		HideSolutionNode = FALSE
	EndGlobalSection
	GlobalSection(ExtensibilityGlobals) = postSolution
		SolutionGuid = {0E976D0D-4620-4CC3-B223-042CE53A2D3D}
	EndGlobalSection
EndGlobal
